
Microsoft Visual Studio Solution File, Format Version 12.00
# Visual Studio Version 16
VisualStudioVersion = 16.0.30011.22
MinimumVisualStudioVersion = 10.0.40219.1
Project("{FAE04EC0-301F-11D3-BF4B-00C04F79EFBC}") = "DigitalLibrary.WebServices", "DigitalLibrary.WebServices\DigitalLibrary.WebServices.csproj", "{F7610EAF-57C1-49BF-8AE2-EC160B1D6A62}"
EndProject
Project("{FAE04EC0-301F-11D3-BF4B-00C04F79EFBC}") = "DigitalLibrary.DataAccess", "DigitalLibrary.DataAccess\DigitalLibrary.DataAccess.csproj", "{BAE5E1B1-2E16-4631-A64C-10C4ADFF85DC}"
EndProject
Global
	GlobalSection(SolutionConfigurationPlatforms) = preSolution
		Debug|Any CPU = Debug|Any CPU
		Release|Any CPU = Release|Any CPU
	EndGlobalSection
	GlobalSection(ProjectConfigurationPlatforms) = postSolution
		{F7610EAF-57C1-49BF-8AE2-EC160B1D6A62}.Debug|Any CPU.ActiveCfg = Debug|Any CPU
		{F7610EAF-57C1-49BF-8AE2-EC160B1D6A62}.Debug|Any CPU.Build.0 = Debug|Any CPU
		{F7610EAF-57C1-49BF-8AE2-EC160B1D6A62}.Release|Any CPU.ActiveCfg = Release|Any CPU
		{F7610EAF-57C1-49BF-8AE2-EC160B1D6A62}.Release|Any CPU.Build.0 = Release|Any CPU
		{BAE5E1B1-2E16-4631-A64C-10C4ADFF85DC}.Debug|Any CPU.ActiveCfg = Debug|Any CPU
		{BAE5E1B1-2E16-4631-A64C-10C4ADFF85DC}.Debug|Any CPU.Build.0 = Debug|Any CPU
		{BAE5E1B1-2E16-4631-A64C-10C4ADFF85DC}.Release|Any CPU.ActiveCfg = Release|Any CPU
		{BAE5E1B1-2E16-4631-A64C-10C4ADFF85DC}.Release|Any CPU.Build.0 = Release|Any CPU
	EndGlobalSection
	GlobalSection(SolutionProperties) = preSolution
		HideSolutionNode = FALSE
	EndGlobalSection
	GlobalSection(ExtensibilityGlobals) = postSolution
		SolutionGuid = {C01657D7-1DB7-4393-BBCA-59D84AAD666E}
	EndGlobalSection
EndGlobal
